
Microsoft Visual Studio Solution File, Format Version 12.00
# Visual Studio 2012
Project("{FAE04EC0-301F-11D3-BF4B-00C04F79EFBC}") = "testWS", "testWS\testWS.csproj", "{CF212EE2-DB7B-40F2-8C4E-FB61E78B7146}"
EndProject
Project("{FAE04EC0-301F-11D3-BF4B-00C04F79EFBC}") = "Data.Models", "Data.Models\Data.Models.csproj", "{15EF20A1-7249-4411-953E-CBB48C4C26D2}"
EndProject
Project("{FAE04EC0-301F-11D3-BF4B-00C04F79EFBC}") = "Data", "Data\Data.csproj", "{DD1C5B20-1A7F-4543-BDF5-50501B5317BB}"
EndProject
Global
	GlobalSection(SolutionConfigurationPlatforms) = preSolution
		Debug|Any CPU = Debug|Any CPU
		Release|Any CPU = Release|Any CPU
	EndGlobalSection
	GlobalSection(ProjectConfigurationPlatforms) = postSolution
		{CF212EE2-DB7B-40F2-8C4E-FB61E78B7146}.Debug|Any CPU.ActiveCfg = Debug|Any CPU
		{CF212EE2-DB7B-40F2-8C4E-FB61E78B7146}.Debug|Any CPU.Build.0 = Debug|Any CPU
		{CF212EE2-DB7B-40F2-8C4E-FB61E78B7146}.Release|Any CPU.ActiveCfg = Release|Any CPU
		{CF212EE2-DB7B-40F2-8C4E-FB61E78B7146}.Release|Any CPU.Build.0 = Release|Any CPU
		{15EF20A1-7249-4411-953E-CBB48C4C26D2}.Debug|Any CPU.ActiveCfg = Debug|Any CPU
		{15EF20A1-7249-4411-953E-CBB48C4C26D2}.Debug|Any CPU.Build.0 = Debug|Any CPU
		{15EF20A1-7249-4411-953E-CBB48C4C26D2}.Release|Any CPU.ActiveCfg = Release|Any CPU
		{15EF20A1-7249-4411-953E-CBB48C4C26D2}.Release|Any CPU.Build.0 = Release|Any CPU
		{DD1C5B20-1A7F-4543-BDF5-50501B5317BB}.Debug|Any CPU.ActiveCfg = Debug|Any CPU
		{DD1C5B20-1A7F-4543-BDF5-50501B5317BB}.Debug|Any CPU.Build.0 = Debug|Any CPU
		{DD1C5B20-1A7F-4543-BDF5-50501B5317BB}.Release|Any CPU.ActiveCfg = Release|Any CPU
		{DD1C5B20-1A7F-4543-BDF5-50501B5317BB}.Release|Any CPU.Build.0 = Release|Any CPU
	EndGlobalSection
	GlobalSection(SolutionProperties) = preSolution
		HideSolutionNode = FALSE
	EndGlobalSection
EndGlobal
